
Microsoft Visual Studio Solution File, Format Version 12.00
# Visual Studio Version 17
VisualStudioVersion = 17.4.33213.308
MinimumVisualStudioVersion = 10.0.40219.1
Project("{FAE04EC0-301F-11D3-BF4B-00C04F79EFBC}") = "Komplex", "Komplex\Komplex.csproj", "{5C28FED1-016F-49CA-A83A-2B5F3A190AD1}"
EndProject
Project("{FAE04EC0-301F-11D3-BF4B-00C04F79EFBC}") = "Nomber", "Results\Nomber.csproj", "{A6A867F6-5B84-4803-BCE4-E9AAEFA8F8BD}"
EndProject
Project("{FAE04EC0-301F-11D3-BF4B-00C04F79EFBC}") = "Calculator", "Calculator\Calculator.csproj", "{42978AC2-E205-4355-8BB8-4E85357BBDA8}"
EndProject
Global
	GlobalSection(SolutionConfigurationPlatforms) = preSolution
		Debug|Any CPU = Debug|Any CPU
		Release|Any CPU = Release|Any CPU
	EndGlobalSection
	GlobalSection(ProjectConfigurationPlatforms) = postSolution
		{5C28FED1-016F-49CA-A83A-2B5F3A190AD1}.Debug|Any CPU.ActiveCfg = Debug|Any CPU
		{5C28FED1-016F-49CA-A83A-2B5F3A190AD1}.Debug|Any CPU.Build.0 = Debug|Any CPU
		{5C28FED1-016F-49CA-A83A-2B5F3A190AD1}.Release|Any CPU.ActiveCfg = Release|Any CPU
		{5C28FED1-016F-49CA-A83A-2B5F3A190AD1}.Release|Any CPU.Build.0 = Release|Any CPU
		{A6A867F6-5B84-4803-BCE4-E9AAEFA8F8BD}.Debug|Any CPU.ActiveCfg = Debug|Any CPU
		{A6A867F6-5B84-4803-BCE4-E9AAEFA8F8BD}.Debug|Any CPU.Build.0 = Debug|Any CPU
		{A6A867F6-5B84-4803-BCE4-E9AAEFA8F8BD}.Release|Any CPU.ActiveCfg = Release|Any CPU
		{A6A867F6-5B84-4803-BCE4-E9AAEFA8F8BD}.Release|Any CPU.Build.0 = Release|Any CPU
		{42978AC2-E205-4355-8BB8-4E85357BBDA8}.Debug|Any CPU.ActiveCfg = Debug|Any CPU
		{42978AC2-E205-4355-8BB8-4E85357BBDA8}.Debug|Any CPU.Build.0 = Debug|Any CPU
		{42978AC2-E205-4355-8BB8-4E85357BBDA8}.Release|Any CPU.ActiveCfg = Release|Any CPU
		{42978AC2-E205-4355-8BB8-4E85357BBDA8}.Release|Any CPU.Build.0 = Release|Any CPU
	EndGlobalSection
	GlobalSection(SolutionProperties) = preSolution
		HideSolutionNode = FALSE
	EndGlobalSection
	GlobalSection(ExtensibilityGlobals) = postSolution
		SolutionGuid = {410B1575-4885-46B0-80FE-8A2B70581548}
	EndGlobalSection
EndGlobal
